// !$*UTF8*$!
{
	archiveVersion = 1;
	classes = {
	};
	objectVersion = 56;
	objects = {

/* Begin PBXBuildFile section */
		49FB7FCC2967982A003A5A04 /* bankApp.swift in Sources */ = {isa = PBXBuildFile; fileRef = 49FB7FCB2967982A003A5A04 /* bankApp.swift */; };
		49FB7FCE2967982A003A5A04 /* ContentView.swift in Sources */ = {isa = PBXBuildFile; fileRef = 49FB7FCD2967982A003A5A04 /* ContentView.swift */; };
		49FB7FD02967982B003A5A04 /* Assets.xcassets in Resources */ = {isa = PBXBuildFile; fileRef = 49FB7FCF2967982B003A5A04 /* Assets.xcassets */; };
		49FB7FD32967982B003A5A04 /* Preview Assets.xcassets in Resources */ = {isa = PBXBuildFile; fileRef = 49FB7FD22967982B003A5A04 /* Preview Assets.xcassets */; };
		49FB7FDD2967982B003A5A04 /* bankTests.swift in Sources */ = {isa = PBXBuildFile; fileRef = 49FB7FDC2967982B003A5A04 /* bankTests.swift */; };
		49FB7FE72967982B003A5A04 /* bankUITests.swift in Sources */ = {isa = PBXBuildFile; fileRef = 49FB7FE62967982B003A5A04 /* bankUITests.swift */; };
		49FB7FE92967982B003A5A04 /* bankUITestsLaunchTests.swift in Sources */ = {isa = PBXBuildFile; fileRef = 49FB7FE82967982B003A5A04 /* bankUITestsLaunchTests.swift */; };
/* End PBXBuildFile section */

/* Begin PBXContainerItemProxy section */
		49FB7FD92967982B003A5A04 /* PBXContainerItemProxy */ = {
			isa = PBXContainerItemProxy;
			containerPortal = 49FB7FC02967982A003A5A04 /* Project object */;
			proxyType = 1;
			remoteGlobalIDString = 49FB7FC72967982A003A5A04;
			remoteInfo = bank;
		};
		49FB7FE32967982B003A5A04 /* PBXContainerItemProxy */ = {
			isa = PBXContainerItemProxy;
			containerPortal = 49FB7FC02967982A003A5A04 /* Project object */;
			proxyType = 1;
			remoteGlobalIDString = 49FB7FC72967982A003A5A04;
			remoteInfo = bank;
		};
/* End PBXContainerItemProxy section */

/* Begin PBXFileReference section */
		49FB7FC82967982A003A5A04 /* bank.app */ = {isa = PBXFileReference; explicitFileType = wrapper.application; includeInIndex = 0; path = bank.app; sourceTree = BUILT_PRODUCTS_DIR; };
		49FB7FCB2967982A003A5A04 /* bankApp.swift */ = {isa = PBXFileReference; lastKnownFileType = sourcecode.swift; path = bankApp.swift; sourceTree = "<group>"; };
		49FB7FCD2967982A003A5A04 /* ContentView.swift */ = {isa = PBXFileReference; lastKnownFileType = sourcecode.swift; path = ContentView.swift; sourceTree = "<group>"; };
		49FB7FCF2967982B003A5A04 /* Assets.xcassets */ = {isa = PBXFileReference; lastKnownFileType = folder.assetcatalog; path = Assets.xcassets; sourceTree = "<group>"; };
		49FB7FD22967982B003A5A04 /* Preview Assets.xcassets */ = {isa = PBXFileReference; lastKnownFileType = folder.assetcatalog; path = "Preview Assets.xcassets"; sourceTree = "<group>"; };
		49FB7FD82967982B003A5A04 /* bankTests.xctest */ = {isa = PBXFileReference; explicitFileType = wrapper.cfbundle; includeInIndex = 0; path = bankTests.xctest; sourceTree = BUILT_PRODUCTS_DIR; };
		49FB7FDC2967982B003A5A04 /* bankTests.swift */ = {isa = PBXFileReference; lastKnownFileType = sourcecode.swift; path = bankTests.swift; sourceTree = "<group>"; };
		49FB7FE22967982B003A5A04 /* bankUITests.xctest */ = {isa = PBXFileReference; explicitFileType = wrapper.cfbundle; includeInIndex = 0; path = bankUITests.xctest; sourceTree = BUILT_PRODUCTS_DIR; };
		49FB7FE62967982B003A5A04 /* bankUITests.swift */ = {isa = PBXFileReference; lastKnownFileType = sourcecode.swift; path = bankUITests.swift; sourceTree = "<group>"; };
		49FB7FE82967982B003A5A04 /* bankUITestsLaunchTests.swift */ = {isa = PBXFileReference; lastKnownFileType = sourcecode.swift; path = bankUITestsLaunchTests.swift; sourceTree = "<group>"; };
/* End PBXFileReference section */

/* Begin PBXFrameworksBuildPhase section */
		49FB7FC52967982A003A5A04 /* Frameworks */ = {
			isa = PBXFrameworksBuildPhase;
			buildActionMask = 2147483647;
			files = (
			);
			runOnlyForDeploymentPostprocessing = 0;
		};
		49FB7FD52967982B003A5A04 /* Frameworks */ = {
			isa = PBXFrameworksBuildPhase;
			buildActionMask = 2147483647;
			files = (
			);
			runOnlyForDeploymentPostprocessing = 0;
		};
		49FB7FDF2967982B003A5A04 /* Frameworks */ = {
			isa = PBXFrameworksBuildPhase;
			buildActionMask = 2147483647;
			files = (
			);
			runOnlyForDeploymentPostprocessing = 0;
		};
/* End PBXFrameworksBuildPhase section */

/* Begin PBXGroup section */
		49FB7FBF2967982A003A5A04 = {
			isa = PBXGroup;
			children = (
				49FB7FCA2967982A003A5A04 /* bank */,
				49FB7FDB2967982B003A5A04 /* bankTests */,
				49FB7FE52967982B003A5A04 /* bankUITests */,
				49FB7FC92967982A003A5A04 /* Products */,
			);
			sourceTree = "<group>";
		};
		49FB7FC92967982A003A5A04 /* Products */ = {
			isa = PBXGroup;
			children = (
				49FB7FC82967982A003A5A04 /* bank.app */,
				49FB7FD82967982B003A5A04 /* bankTests.xctest */,
				49FB7FE22967982B003A5A04 /* bankUITests.xctest */,
			);
			name = Products;
			sourceTree = "<group>";
		};
		49FB7FCA2967982A003A5A04 /* bank */ = {
			isa = PBXGroup;
			children = (
				49FB7FCB2967982A003A5A04 /* bankApp.swift */,
				49FB7FCD2967982A003A5A04 /* ContentView.swift */,
				49FB7FCF2967982B003A5A04 /* Assets.xcassets */,
				49FB7FD12967982B003A5A04 /* Preview Content */,
			);
			path = bank;
			sourceTree = "<group>";
		};
		49FB7FD12967982B003A5A04 /* Preview Content */ = {
			isa = PBXGroup;
			children = (
				49FB7FD22967982B003A5A04 /* Preview Assets.xcassets */,
			);
			path = "Preview Content";
			sourceTree = "<group>";
		};
		49FB7FDB2967982B003A5A04 /* bankTests */ = {
			isa = PBXGroup;
			children = (
				49FB7FDC2967982B003A5A04 /* bankTests.swift */,
			);
			path = bankTests;
			sourceTree = "<group>";
		};
		49FB7FE52967982B003A5A04 /* bankUITests */ = {
			isa = PBXGroup;
			children = (
				49FB7FE62967982B003A5A04 /* bankUITests.swift */,
				49FB7FE82967982B003A5A04 /* bankUITestsLaunchTests.swift */,
			);
			path = bankUITests;
			sourceTree = "<group>";
		};
/* End PBXGroup section */

/* Begin PBXNativeTarget section */
		49FB7FC72967982A003A5A04 /* bank */ = {
			isa = PBXNativeTarget;
			buildConfigurationList = 49FB7FEC2967982B003A5A04 /* Build configuration list for PBXNativeTarget "bank" */;
			buildPhases = (
				49FB7FC42967982A003A5A04 /* Sources */,
				49FB7FC52967982A003A5A04 /* Frameworks */,
				49FB7FC62967982A003A5A04 /* Resources */,
			);
			buildRules = (
			);
			dependencies = (
			);
			name = bank;
			productName = bank;
			productReference = 49FB7FC82967982A003A5A04 /* bank.app */;
			productType = "com.apple.product-type.application";
		};
		49FB7FD72967982B003A5A04 /* bankTests */ = {
			isa = PBXNativeTarget;
			buildConfigurationList = 49FB7FEF2967982B003A5A04 /* Build configuration list for PBXNativeTarget "bankTests" */;
			buildPhases = (
				49FB7FD42967982B003A5A04 /* Sources */,
				49FB7FD52967982B003A5A04 /* Frameworks */,
				49FB7FD62967982B003A5A04 /* Resources */,
			);
			buildRules = (
			);
			dependencies = (
				49FB7FDA2967982B003A5A04 /* PBXTargetDependency */,
			);
			name = bankTests;
			productName = bankTests;
			productReference = 49FB7FD82967982B003A5A04 /* bankTests.xctest */;
			productType = "com.apple.product-type.bundle.unit-test";
		};
		49FB7FE12967982B003A5A04 /* bankUITests */ = {
			isa = PBXNativeTarget;
			buildConfigurationList = 49FB7FF22967982B003A5A04 /* Build configuration list for PBXNativeTarget "bankUITests" */;
			buildPhases = (
				49FB7FDE2967982B003A5A04 /* Sources */,
				49FB7FDF2967982B003A5A04 /* Frameworks */,
				49FB7FE02967982B003A5A04 /* Resources */,
			);
			buildRules = (
			);
			dependencies = (
				49FB7FE42967982B003A5A04 /* PBXTargetDependency */,
			);
			name = bankUITests;
			productName = bankUITests;
			productReference = 49FB7FE22967982B003A5A04 /* bankUITests.xctest */;
			productType = "com.apple.product-type.bundle.ui-testing";
		};
/* End PBXNativeTarget section */

/* Begin PBXProject section */
		49FB7FC02967982A003A5A04 /* Project object */ = {
			isa = PBXProject;
			attributes = {
				BuildIndependentTargetsInParallel = 1;
				LastSwiftUpdateCheck = 1410;
				LastUpgradeCheck = 1410;
				TargetAttributes = {
					49FB7FC72967982A003A5A04 = {
						CreatedOnToolsVersion = 14.1;
					};
					49FB7FD72967982B003A5A04 = {
						CreatedOnToolsVersion = 14.1;
						TestTargetID = 49FB7FC72967982A003A5A04;
					};
					49FB7FE12967982B003A5A04 = {
						CreatedOnToolsVersion = 14.1;
						TestTargetID = 49FB7FC72967982A003A5A04;
					};
				};
			};
			buildConfigurationList = 49FB7FC32967982A003A5A04 /* Build configuration list for PBXProject "bank" */;
			compatibilityVersion = "Xcode 14.0";
			developmentRegion = en;
			hasScannedForEncodings = 0;
			knownRegions = (
				en,
				Base,
			);
			mainGroup = 49FB7FBF2967982A003A5A04;
			productRefGroup = 49FB7FC92967982A003A5A04 /* Products */;
			projectDirPath = "";
			projectRoot = "";
			targets = (
				49FB7FC72967982A003A5A04 /* bank */,
				49FB7FD72967982B003A5A04 /* bankTests */,
				49FB7FE12967982B003A5A04 /* bankUITests */,
			);
		};
/* End PBXProject section */

/* Begin PBXResourcesBuildPhase section */
		49FB7FC62967982A003A5A04 /* Resources */ = {
			isa = PBXResourcesBuildPhase;
			buildActionMask = 2147483647;
			files = (
				49FB7FD32967982B003A5A04 /* Preview Assets.xcassets in Resources */,
				49FB7FD02967982B003A5A04 /* Assets.xcassets in Resources */,
			);
			runOnlyForDeploymentPostprocessing = 0;
		};
		49FB7FD62967982B003A5A04 /* Resources */ = {
			isa = PBXResourcesBuildPhase;
			buildActionMask = 2147483647;
			files = (
			);
			runOnlyForDeploymentPostprocessing = 0;
		};
		49FB7FE02967982B003A5A04 /* Resources */ = {
			isa = PBXResourcesBuildPhase;
			buildActionMask = 2147483647;
			files = (
			);
			runOnlyForDeploymentPostprocessing = 0;
		};
/* End PBXResourcesBuildPhase section */

/* Begin PBXSourcesBuildPhase section */
		49FB7FC42967982A003A5A04 /* Sources */ = {
			isa = PBXSourcesBuildPhase;
			buildActionMask = 2147483647;
			files = (
				49FB7FCE2967982A003A5A04 /* ContentView.swift in Sources */,
				49FB7FCC2967982A003A5A04 /* bankApp.swift in Sources */,
			);
			runOnlyForDeploymentPostprocessing = 0;
		};
		49FB7FD42967982B003A5A04 /* Sources */ = {
			isa = PBXSourcesBuildPhase;
			buildActionMask = 2147483647;
			files = (
				49FB7FDD2967982B003A5A04 /* bankTests.swift in Sources */,
			);
			runOnlyForDeploymentPostprocessing = 0;
		};
		49FB7FDE2967982B003A5A04 /* Sources */ = {
			isa = PBXSourcesBuildPhase;
			buildActionMask = 2147483647;
			files = (
				49FB7FE92967982B003A5A04 /* bankUITestsLaunchTests.swift in Sources */,
				49FB7FE72967982B003A5A04 /* bankUITests.swift in Sources */,
			);
			runOnlyForDeploymentPostprocessing = 0;
		};
/* End PBXSourcesBuildPhase section */

/* Begin PBXTargetDependency section */
		49FB7FDA2967982B003A5A04 /* PBXTargetDependency */ = {
			isa = PBXTargetDependency;
			target = 49FB7FC72967982A003A5A04 /* bank */;
			targetProxy = 49FB7FD92967982B003A5A04 /* PBXContainerItemProxy */;
		};
		49FB7FE42967982B003A5A04 /* PBXTargetDependency */ = {
			isa = PBXTargetDependency;
			target = 49FB7FC72967982A003A5A04 /* bank */;
			targetProxy = 49FB7FE32967982B003A5A04 /* PBXContainerItemProxy */;
		};
/* End PBXTargetDependency section */

/* Begin XCBuildConfiguration section */
		49FB7FEA2967982B003A5A04 /* Debug */ = {
			isa = XCBuildConfiguration;
			buildSettings = {
				ALWAYS_SEARCH_USER_PATHS = NO;
				CLANG_ANALYZER_NONNULL = YES;
				CLANG_ANALYZER_NUMBER_OBJECT_CONVERSION = YES_AGGRESSIVE;
				CLANG_CXX_LANGUAGE_STANDARD = "gnu++20";
				CLANG_ENABLE_MODULES = YES;
				CLANG_ENABLE_OBJC_ARC = YES;
				CLANG_ENABLE_OBJC_WEAK = YES;
				CLANG_WARN_BLOCK_CAPTURE_AUTORELEASING = YES;
				CLANG_WARN_BOOL_CONVERSION = YES;
				CLANG_WARN_COMMA = YES;
				CLANG_WARN_CONSTANT_CONVERSION = YES;
				CLANG_WARN_DEPRECATED_OBJC_IMPLEMENTATIONS = YES;
				CLANG_WARN_DIRECT_OBJC_ISA_USAGE = YES_ERROR;
				CLANG_WARN_DOCUMENTATION_COMMENTS = YES;
				CLANG_WARN_EMPTY_BODY = YES;
				CLANG_WARN_ENUM_CONVERSION = YES;
				CLANG_WARN_INFINITE_RECURSION = YES;
				CLANG_WARN_INT_CONVERSION = YES;
				CLANG_WARN_NON_LITERAL_NULL_CONVERSION = YES;
				CLANG_WARN_OBJC_IMPLICIT_RETAIN_SELF = YES;
				CLANG_WARN_OBJC_LITERAL_CONVERSION = YES;
				CLANG_WARN_OBJC_ROOT_CLASS = YES_ERROR;
				CLANG_WARN_QUOTED_INCLUDE_IN_FRAMEWORK_HEADER = YES;
				CLANG_WARN_RANGE_LOOP_ANALYSIS = YES;
				CLANG_WARN_STRICT_PROTOTYPES = YES;
				CLANG_WARN_SUSPICIOUS_MOVE = YES;
				CLANG_WARN_UNGUARDED_AVAILABILITY = YES_AGGRESSIVE;
				CLANG_WARN_UNREACHABLE_CODE = YES;
				CLANG_WARN__DUPLICATE_METHOD_MATCH = YES;
				COPY_PHASE_STRIP = NO;
				DEBUG_INFORMATION_FORMAT = dwarf;
				ENABLE_STRICT_OBJC_MSGSEND = YES;
				ENABLE_TESTABILITY = YES;
				GCC_C_LANGUAGE_STANDARD = gnu11;
				GCC_DYNAMIC_NO_PIC = NO;
				GCC_NO_COMMON_BLOCKS = YES;
				GCC_OPTIMIZATION_LEVEL = 0;
				GCC_PREPROCESSOR_DEFINITIONS = (
					"DEBUG=1",
					"$(inherited)",
				);
				GCC_WARN_64_TO_32_BIT_CONVERSION = YES;
				GCC_WARN_ABOUT_RETURN_TYPE = YES_ERROR;
				GCC_WARN_UNDECLARED_SELECTOR = YES;
				GCC_WARN_UNINITIALIZED_AUTOS = YES_AGGRESSIVE;
				GCC_WARN_UNUSED_FUNCTION = YES;
				GCC_WARN_UNUSED_VARIABLE = YES;
				IPHONEOS_DEPLOYMENT_TARGET = 16.1;
				MTL_ENABLE_DEBUG_INFO = INCLUDE_SOURCE;
				MTL_FAST_MATH = YES;
				ONLY_ACTIVE_ARCH = YES;
				SDKROOT = iphoneos;
				SWIFT_ACTIVE_COMPILATION_CONDITIONS = DEBUG;
				SWIFT_OPTIMIZATION_LEVEL = "-Onone";
			};
			name = Debug;
		};
		49FB7FEB2967982B003A5A04 /* Release */ = {
			isa = XCBuildConfiguration;
			buildSettings = {
				ALWAYS_SEARCH_USER_PATHS = NO;
				CLANG_ANALYZER_NONNULL = YES;
				CLANG_ANALYZER_NUMBER_OBJECT_CONVERSION = YES_AGGRESSIVE;
				CLANG_CXX_LANGUAGE_STANDARD = "gnu++20";
				CLANG_ENABLE_MODULES = YES;
				CLANG_ENABLE_OBJC_ARC = YES;
				CLANG_ENABLE_OBJC_WEAK = YES;
				CLANG_WARN_BLOCK_CAPTURE_AUTORELEASING = YES;
				CLANG_WARN_BOOL_CONVERSION = YES;
				CLANG_WARN_COMMA = YES;
				CLANG_WARN_CONSTANT_CONVERSION = YES;
				CLANG_WARN_DEPRECATED_OBJC_IMPLEMENTATIONS = YES;
				CLANG_WARN_DIRECT_OBJC_ISA_USAGE = YES_ERROR;
				CLANG_WARN_DOCUMENTATION_COMMENTS = YES;
				CLANG_WARN_EMPTY_BODY = YES;
				CLANG_WARN_ENUM_CONVERSION = YES;
				CLANG_WARN_INFINITE_RECURSION = YES;
				CLANG_WARN_INT_CONVERSION = YES;
				CLANG_WARN_NON_LITERAL_NULL_CONVERSION = YES;
				CLANG_WARN_OBJC_IMPLICIT_RETAIN_SELF = YES;
				CLANG_WARN_OBJC_LITERAL_CONVERSION = YES;
				CLANG_WARN_OBJC_ROOT_CLASS = YES_ERROR;
				CLANG_WARN_QUOTED_INCLUDE_IN_FRAMEWORK_HEADER = YES;
				CLANG_WARN_RANGE_LOOP_ANALYSIS = YES;
				CLANG_WARN_STRICT_PROTOTYPES = YES;
				CLANG_WARN_SUSPICIOUS_MOVE = YES;
				CLANG_WARN_UNGUARDED_AVAILABILITY = YES_AGGRESSIVE;
				CLANG_WARN_UNREACHABLE_CODE = YES;
				CLANG_WARN__DUPLICATE_METHOD_MATCH = YES;
				COPY_PHASE_STRIP = NO;
				DEBUG_INFORMATION_FORMAT = "dwarf-with-dsym";
				ENABLE_NS_ASSERTIONS = NO;
				ENABLE_STRICT_OBJC_MSGSEND = YES;
				GCC_C_LANGUAGE_STANDARD = gnu11;
				GCC_NO_COMMON_BLOCKS = YES;
				GCC_WARN_64_TO_32_BIT_CONVERSION = YES;
				GCC_WARN_ABOUT_RETURN_TYPE = YES_ERROR;
				GCC_WARN_UNDECLARED_SELECTOR = YES;
				GCC_WARN_UNINITIALIZED_AUTOS = YES_AGGRESSIVE;
				GCC_WARN_UNUSED_FUNCTION = YES;
				GCC_WARN_UNUSED_VARIABLE = YES;
				IPHONEOS_DEPLOYMENT_TARGET = 16.1;
				MTL_ENABLE_DEBUG_INFO = NO;
				MTL_FAST_MATH = YES;
				SDKROOT = iphoneos;
				SWIFT_COMPILATION_MODE = wholemodule;
				SWIFT_OPTIMIZATION_LEVEL = "-O";
				VALIDATE_PRODUCT = YES;
			};
			name = Release;
		};
		49FB7FED2967982B003A5A04 /* Debug */ = {
			isa = XCBuildConfiguration;
			buildSettings = {
				ASSETCATALOG_COMPILER_APPICON_NAME = AppIcon;
				ASSETCATALOG_COMPILER_GLOBAL_ACCENT_COLOR_NAME = AccentColor;
				CODE_SIGN_STYLE = Automatic;
				CURRENT_PROJECT_VERSION = 1;
				DEVELOPMENT_ASSET_PATHS = "\"bank/Preview Content\"";
				ENABLE_PREVIEWS = YES;
				GENERATE_INFOPLIST_FILE = YES;
				INFOPLIST_KEY_UIApplicationSceneManifest_Generation = YES;
				INFOPLIST_KEY_UIApplicationSupportsIndirectInputEvents = YES;
				INFOPLIST_KEY_UILaunchScreen_Generation = YES;
				INFOPLIST_KEY_UISupportedInterfaceOrientations_iPad = "UIInterfaceOrientationPortrait UIInterfaceOrientationPortraitUpsideDown UIInterfaceOrientationLandscapeLeft UIInterfaceOrientationLandscapeRight";
				INFOPLIST_KEY_UISupportedInterfaceOrientations_iPhone = "UIInterfaceOrientationPortrait UIInterfaceOrientationLandscapeLeft UIInterfaceOrientationLandscapeRight";
				LD_RUNPATH_SEARCH_PATHS = (
					"$(inherited)",
					"@executable_path/Frameworks",
				);
				MARKETING_VERSION = 1.0;
				PRODUCT_BUNDLE_IDENTIFIER = org.hackclub.bank;
				PRODUCT_NAME = "$(TARGET_NAME)";
				SWIFT_EMIT_LOC_STRINGS = YES;
				SWIFT_VERSION = 5.0;
				TARGETED_DEVICE_FAMILY = "1,2";
			};
			name = Debug;
		};
		49FB7FEE2967982B003A5A04 /* Release */ = {
			isa = XCBuildConfiguration;
			buildSettings = {
				ASSETCATALOG_COMPILER_APPICON_NAME = AppIcon;
				ASSETCATALOG_COMPILER_GLOBAL_ACCENT_COLOR_NAME = AccentColor;
				CODE_SIGN_STYLE = Automatic;
				CURRENT_PROJECT_VERSION = 1;
				DEVELOPMENT_ASSET_PATHS = "\"bank/Preview Content\"";
				ENABLE_PREVIEWS = YES;
				GENERATE_INFOPLIST_FILE = YES;
				INFOPLIST_KEY_UIApplicationSceneManifest_Generation = YES;
				INFOPLIST_KEY_UIApplicationSupportsIndirectInputEvents = YES;
				INFOPLIST_KEY_UILaunchScreen_Generation = YES;
				INFOPLIST_KEY_UISupportedInterfaceOrientations_iPad = "UIInterfaceOrientationPortrait UIInterfaceOrientationPortraitUpsideDown UIInterfaceOrientationLandscapeLeft UIInterfaceOrientationLandscapeRight";
				INFOPLIST_KEY_UISupportedInterfaceOrientations_iPhone = "UIInterfaceOrientationPortrait UIInterfaceOrientationLandscapeLeft UIInterfaceOrientationLandscapeRight";
				LD_RUNPATH_SEARCH_PATHS = (
					"$(inherited)",
					"@executable_path/Frameworks",
				);
				MARKETING_VERSION = 1.0;
				PRODUCT_BUNDLE_IDENTIFIER = org.hackclub.bank;
				PRODUCT_NAME = "$(TARGET_NAME)";
				SWIFT_EMIT_LOC_STRINGS = YES;
				SWIFT_VERSION = 5.0;
				TARGETED_DEVICE_FAMILY = "1,2";
			};
			name = Release;
		};
		49FB7FF02967982B003A5A04 /* Debug */ = {
			isa = XCBuildConfiguration;
			buildSettings = {
				ALWAYS_EMBED_SWIFT_STANDARD_LIBRARIES = YES;
				BUNDLE_LOADER = "$(TEST_HOST)";
				CODE_SIGN_STYLE = Automatic;
				CURRENT_PROJECT_VERSION = 1;
				GENERATE_INFOPLIST_FILE = YES;
				IPHONEOS_DEPLOYMENT_TARGET = 16.1;
				MARKETING_VERSION = 1.0;
				PRODUCT_BUNDLE_IDENTIFIER = org.hackclub.bankTests;
				PRODUCT_NAME = "$(TARGET_NAME)";
				SWIFT_EMIT_LOC_STRINGS = NO;
				SWIFT_VERSION = 5.0;
				TARGETED_DEVICE_FAMILY = "1,2";
				TEST_HOST = "$(BUILT_PRODUCTS_DIR)/bank.app/$(BUNDLE_EXECUTABLE_FOLDER_PATH)/bank";
			};
			name = Debug;
		};
		49FB7FF12967982B003A5A04 /* Release */ = {
			isa = XCBuildConfiguration;
			buildSettings = {
				ALWAYS_EMBED_SWIFT_STANDARD_LIBRARIES = YES;
				BUNDLE_LOADER = "$(TEST_HOST)";
				CODE_SIGN_STYLE = Automatic;
				CURRENT_PROJECT_VERSION = 1;
				GENERATE_INFOPLIST_FILE = YES;
				IPHONEOS_DEPLOYMENT_TARGET = 16.1;
				MARKETING_VERSION = 1.0;
				PRODUCT_BUNDLE_IDENTIFIER = org.hackclub.bankTests;
				PRODUCT_NAME = "$(TARGET_NAME)";
				SWIFT_EMIT_LOC_STRINGS = NO;
				SWIFT_VERSION = 5.0;
				TARGETED_DEVICE_FAMILY = "1,2";
				TEST_HOST = "$(BUILT_PRODUCTS_DIR)/bank.app/$(BUNDLE_EXECUTABLE_FOLDER_PATH)/bank";
			};
			name = Release;
		};
		49FB7FF32967982B003A5A04 /* Debug */ = {
			isa = XCBuildConfiguration;
			buildSettings = {
				ALWAYS_EMBED_SWIFT_STANDARD_LIBRARIES = YES;
				CODE_SIGN_STYLE = Automatic;
				CURRENT_PROJECT_VERSION = 1;
				GENERATE_INFOPLIST_FILE = YES;
				MARKETING_VERSION = 1.0;
				PRODUCT_BUNDLE_IDENTIFIER = org.hackclub.bankUITests;
				PRODUCT_NAME = "$(TARGET_NAME)";
				SWIFT_EMIT_LOC_STRINGS = NO;
				SWIFT_VERSION = 5.0;
				TARGETED_DEVICE_FAMILY = "1,2";
				TEST_TARGET_NAME = bank;
			};
			name = Debug;
		};
		49FB7FF42967982B003A5A04 /* Release */ = {
			isa = XCBuildConfiguration;
			buildSettings = {
				ALWAYS_EMBED_SWIFT_STANDARD_LIBRARIES = YES;
				CODE_SIGN_STYLE = Automatic;
				CURRENT_PROJECT_VERSION = 1;
				GENERATE_INFOPLIST_FILE = YES;
				MARKETING_VERSION = 1.0;
				PRODUCT_BUNDLE_IDENTIFIER = org.hackclub.bankUITests;
				PRODUCT_NAME = "$(TARGET_NAME)";
				SWIFT_EMIT_LOC_STRINGS = NO;
				SWIFT_VERSION = 5.0;
				TARGETED_DEVICE_FAMILY = "1,2";
				TEST_TARGET_NAME = bank;
			};
			name = Release;
		};
/* End XCBuildConfiguration section */

/* Begin XCConfigurationList section */
		49FB7FC32967982A003A5A04 /* Build configuration list for PBXProject "bank" */ = {
			isa = XCConfigurationList;
			buildConfigurations = (
				49FB7FEA2967982B003A5A04 /* Debug */,
				49FB7FEB2967982B003A5A04 /* Release */,
			);
			defaultConfigurationIsVisible = 0;
			defaultConfigurationName = Release;
		};
		49FB7FEC2967982B003A5A04 /* Build configuration list for PBXNativeTarget "bank" */ = {
			isa = XCConfigurationList;
			buildConfigurations = (
				49FB7FED2967982B003A5A04 /* Debug */,
				49FB7FEE2967982B003A5A04 /* Release */,
			);
			defaultConfigurationIsVisible = 0;
			defaultConfigurationName = Release;
		};
		49FB7FEF2967982B003A5A04 /* Build configuration list for PBXNativeTarget "bankTests" */ = {
			isa = XCConfigurationList;
			buildConfigurations = (
				49FB7FF02967982B003A5A04 /* Debug */,
				49FB7FF12967982B003A5A04 /* Release */,
			);
			defaultConfigurationIsVisible = 0;
			defaultConfigurationName = Release;
		};
		49FB7FF22967982B003A5A04 /* Build configuration list for PBXNativeTarget "bankUITests" */ = {
			isa = XCConfigurationList;
			buildConfigurations = (
				49FB7FF32967982B003A5A04 /* Debug */,
				49FB7FF42967982B003A5A04 /* Release */,
			);
			defaultConfigurationIsVisible = 0;
			defaultConfigurationName = Release;
		};
/* End XCConfigurationList section */
	};
	rootObject = 49FB7FC02967982A003A5A04 /* Project object */;
}
